<?xml version="1.0" encoding="utf-8"?>
<Project ToolsVersion="4.0" xmlns="http://schemas.microsoft.com/developer/msbuild/2003">
  <ItemGroup>
    <Filter Include="Main">
      <UniqueIdentifier>{c2efde47-984d-4a73-bec7-f42399b22316}</UniqueIdentifier>
    </Filter>
    <Filter Include="Board">
      <UniqueIdentifier>{1554cc0a-fda4-4a72-a699-2012b6b00eda}</UniqueIdentifier>
    </Filter>
    <Filter Include="Block">
      <UniqueIdentifier>{99567515-bfdc-49c9-a00d-29cc55900561}</UniqueIdentifier>
    </Filter>
    <Filter Include="Utils">
      <UniqueIdentifier>{e60b8167-29c3-4689-b3e0-e2394b805561}</UniqueIdentifier>
    </Filter>
    <Filter Include="Render">
      <UniqueIdentifier>{d163ffd5-f64f-4732-83c8-e3931f39b431}</UniqueIdentifier>
    </Filter>
    <Filter Include="zGarbage">
      <UniqueIdentifier>{a7f8bb44-2884-4cb9-975d-25edf99c6745}</UniqueIdentifier>
    </Filter>
  </ItemGroup>
  <ItemGroup>
    <ClCompile Include="TetrisGame.cpp">
      <Filter>Main</Filter>
    </ClCompile>
    <ClCompile Include="pch.cpp">
      <Filter>Main</Filter>
    </ClCompile>
    <ClCompile Include="ConsoleHelper.cpp">
      <Filter>Board</Filter>
    </ClCompile>
    <ClCompile Include="Block.cpp">
      <Filter>Block</Filter>
    </ClCompile>
    <ClCompile Include="InputHandler.cpp">
      <Filter>Utils</Filter>
    </ClCompile>
    <ClCompile Include="GameManager.cpp">
      <Filter>Main</Filter>
    </ClCompile>
    <ClCompile Include="Screen.cpp">
      <Filter>Render</Filter>
    </ClCompile>
    <ClCompile Include="Board.cpp">
      <Filter>Board</Filter>
    </ClCompile>
  </ItemGroup>
  <ItemGroup>
    <ClInclude Include="pch.h">
      <Filter>Main</Filter>
    </ClInclude>
    <ClInclude Include="Types.h">
      <Filter>Main</Filter>
    </ClInclude>
    <ClInclude Include="ConsoleHelper.h">
      <Filter>Board</Filter>
    </ClInclude>
    <ClInclude Include="Block.h">
      <Filter>Block</Filter>
    </ClInclude>
    <ClInclude Include="InputHandler.h">
      <Filter>Utils</Filter>
    </ClInclude>
    <ClInclude Include="GameManager.h">
      <Filter>Main</Filter>
    </ClInclude>
    <ClInclude Include="Screen.h">
      <Filter>Render</Filter>
    </ClInclude>
    <ClInclude Include="Board.h">
      <Filter>Board</Filter>
    </ClInclude>
  </ItemGroup>
</Project>